
Microsoft Visual Studio Solution File, Format Version 12.00
# Visual Studio Version 16
VisualStudioVersion = 16.0.28803.202
MinimumVisualStudioVersion = 10.0.40219.1
Project("{FAE04EC0-301F-11D3-BF4B-00C04F79EFBC}") = "KIOSK Management", "KIOSK Management\KIOSK Management.csproj", "{94D867B6-9944-4763-BB18-F6F5B59D63D9}"
EndProject
Global
	GlobalSection(SolutionConfigurationPlatforms) = preSolution
		Debug|Any CPU = Debug|Any CPU
		Release|Any CPU = Release|Any CPU
	EndGlobalSection
	GlobalSection(ProjectConfigurationPlatforms) = postSolution
		{94D867B6-9944-4763-BB18-F6F5B59D63D9}.Debug|Any CPU.ActiveCfg = Debug|Any CPU
		{94D867B6-9944-4763-BB18-F6F5B59D63D9}.Debug|Any CPU.Build.0 = Debug|Any CPU
		{94D867B6-9944-4763-BB18-F6F5B59D63D9}.Release|Any CPU.ActiveCfg = Release|Any CPU
		{94D867B6-9944-4763-BB18-F6F5B59D63D9}.Release|Any CPU.Build.0 = Release|Any CPU
	EndGlobalSection
	GlobalSection(SolutionProperties) = preSolution
		HideSolutionNode = FALSE
	EndGlobalSection
	GlobalSection(ExtensibilityGlobals) = postSolution
		SolutionGuid = {4E1B01D6-2748-4FE3-95EE-2A9A2C8698A5}
	EndGlobalSection
EndGlobal
